// !$*UTF8*$!
{
	archiveVersion = 1;
	classes = {
	};
	objectVersion = 56;
	objects = {

/* Begin PBXBuildFile section */
		AB7315142B5CDDAA004EE77D /* AppDelegate.swift in Sources */ = {isa = PBXBuildFile; fileRef = AB7315132B5CDDAA004EE77D /* AppDelegate.swift */; };
		AB7315162B5CDDAA004EE77D /* SceneDelegate.swift in Sources */ = {isa = PBXBuildFile; fileRef = AB7315152B5CDDAA004EE77D /* SceneDelegate.swift */; };
		AB7315182B5CDDAA004EE77D /* ViewController.swift in Sources */ = {isa = PBXBuildFile; fileRef = AB7315172B5CDDAA004EE77D /* ViewController.swift */; };
		AB73151B2B5CDDAA004EE77D /* Main.storyboard in Resources */ = {isa = PBXBuildFile; fileRef = AB7315192B5CDDAA004EE77D /* Main.storyboard */; };
		AB73151D2B5CDDAC004EE77D /* Assets.xcassets in Resources */ = {isa = PBXBuildFile; fileRef = AB73151C2B5CDDAC004EE77D /* Assets.xcassets */; };
		AB7315202B5CDDAC004EE77D /* LaunchScreen.storyboard in Resources */ = {isa = PBXBuildFile; fileRef = AB73151E2B5CDDAC004EE77D /* LaunchScreen.storyboard */; };
		AB73152B2B5CDDAC004EE77D /* I_am_RichTests.swift in Sources */ = {isa = PBXBuildFile; fileRef = AB73152A2B5CDDAC004EE77D /* I_am_RichTests.swift */; };
		AB7315352B5CDDAC004EE77D /* I_am_RichUITests.swift in Sources */ = {isa = PBXBuildFile; fileRef = AB7315342B5CDDAC004EE77D /* I_am_RichUITests.swift */; };
		AB7315372B5CDDAC004EE77D /* I_am_RichUITestsLaunchTests.swift in Sources */ = {isa = PBXBuildFile; fileRef = AB7315362B5CDDAC004EE77D /* I_am_RichUITestsLaunchTests.swift */; };
/* End PBXBuildFile section */

/* Begin PBXContainerItemProxy section */
		AB7315272B5CDDAC004EE77D /* PBXContainerItemProxy */ = {
			isa = PBXContainerItemProxy;
			containerPortal = AB7315082B5CDDAA004EE77D /* Project object */;
			proxyType = 1;
			remoteGlobalIDString = AB73150F2B5CDDAA004EE77D;
			remoteInfo = "I am Rich";
		};
		AB7315312B5CDDAC004EE77D /* PBXContainerItemProxy */ = {
			isa = PBXContainerItemProxy;
			containerPortal = AB7315082B5CDDAA004EE77D /* Project object */;
			proxyType = 1;
			remoteGlobalIDString = AB73150F2B5CDDAA004EE77D;
			remoteInfo = "I am Rich";
		};
/* End PBXContainerItemProxy section */

/* Begin PBXFileReference section */
		AB7315102B5CDDAA004EE77D /* I am Rich.app */ = {isa = PBXFileReference; explicitFileType = wrapper.application; includeInIndex = 0; path = "I am Rich.app"; sourceTree = BUILT_PRODUCTS_DIR; };
		AB7315132B5CDDAA004EE77D /* AppDelegate.swift */ = {isa = PBXFileReference; lastKnownFileType = sourcecode.swift; path = AppDelegate.swift; sourceTree = "<group>"; };
		AB7315152B5CDDAA004EE77D /* SceneDelegate.swift */ = {isa = PBXFileReference; lastKnownFileType = sourcecode.swift; path = SceneDelegate.swift; sourceTree = "<group>"; };
		AB7315172B5CDDAA004EE77D /* ViewController.swift */ = {isa = PBXFileReference; lastKnownFileType = sourcecode.swift; path = ViewController.swift; sourceTree = "<group>"; };
		AB73151A2B5CDDAA004EE77D /* Base */ = {isa = PBXFileReference; lastKnownFileType = file.storyboard; name = Base; path = Base.lproj/Main.storyboard; sourceTree = "<group>"; };
		AB73151C2B5CDDAC004EE77D /* Assets.xcassets */ = {isa = PBXFileReference; lastKnownFileType = folder.assetcatalog; path = Assets.xcassets; sourceTree = "<group>"; };
		AB73151F2B5CDDAC004EE77D /* Base */ = {isa = PBXFileReference; lastKnownFileType = file.storyboard; name = Base; path = Base.lproj/LaunchScreen.storyboard; sourceTree = "<group>"; };
		AB7315212B5CDDAC004EE77D /* Info.plist */ = {isa = PBXFileReference; lastKnownFileType = text.plist.xml; path = Info.plist; sourceTree = "<group>"; };
		AB7315262B5CDDAC004EE77D /* I am RichTests.xctest */ = {isa = PBXFileReference; explicitFileType = wrapper.cfbundle; includeInIndex = 0; path = "I am RichTests.xctest"; sourceTree = BUILT_PRODUCTS_DIR; };
		AB73152A2B5CDDAC004EE77D /* I_am_RichTests.swift */ = {isa = PBXFileReference; lastKnownFileType = sourcecode.swift; path = I_am_RichTests.swift; sourceTree = "<group>"; };
		AB7315302B5CDDAC004EE77D /* I am RichUITests.xctest */ = {isa = PBXFileReference; explicitFileType = wrapper.cfbundle; includeInIndex = 0; path = "I am RichUITests.xctest"; sourceTree = BUILT_PRODUCTS_DIR; };
		AB7315342B5CDDAC004EE77D /* I_am_RichUITests.swift */ = {isa = PBXFileReference; lastKnownFileType = sourcecode.swift; path = I_am_RichUITests.swift; sourceTree = "<group>"; };
		AB7315362B5CDDAC004EE77D /* I_am_RichUITestsLaunchTests.swift */ = {isa = PBXFileReference; lastKnownFileType = sourcecode.swift; path = I_am_RichUITestsLaunchTests.swift; sourceTree = "<group>"; };
/* End PBXFileReference section */

/* Begin PBXFrameworksBuildPhase section */
		AB73150D2B5CDDAA004EE77D /* Frameworks */ = {
			isa = PBXFrameworksBuildPhase;
			buildActionMask = 2147483647;
			files = (
			);
			runOnlyForDeploymentPostprocessing = 0;
		};
		AB7315232B5CDDAC004EE77D /* Frameworks */ = {
			isa = PBXFrameworksBuildPhase;
			buildActionMask = 2147483647;
			files = (
			);
			runOnlyForDeploymentPostprocessing = 0;
		};
		AB73152D2B5CDDAC004EE77D /* Frameworks */ = {
			isa = PBXFrameworksBuildPhase;
			buildActionMask = 2147483647;
			files = (
			);
			runOnlyForDeploymentPostprocessing = 0;
		};
/* End PBXFrameworksBuildPhase section */

/* Begin PBXGroup section */
		AB7315072B5CDDAA004EE77D = {
			isa = PBXGroup;
			children = (
				AB7315122B5CDDAA004EE77D /* I am Rich */,
				AB7315292B5CDDAC004EE77D /* I am RichTests */,
				AB7315332B5CDDAC004EE77D /* I am RichUITests */,
				AB7315112B5CDDAA004EE77D /* Products */,
			);
			sourceTree = "<group>";
		};
		AB7315112B5CDDAA004EE77D /* Products */ = {
			isa = PBXGroup;
			children = (
				AB7315102B5CDDAA004EE77D /* I am Rich.app */,
				AB7315262B5CDDAC004EE77D /* I am RichTests.xctest */,
				AB7315302B5CDDAC004EE77D /* I am RichUITests.xctest */,
			);
			name = Products;
			sourceTree = "<group>";
		};
		AB7315122B5CDDAA004EE77D /* I am Rich */ = {
			isa = PBXGroup;
			children = (
				AB7315132B5CDDAA004EE77D /* AppDelegate.swift */,
				AB7315152B5CDDAA004EE77D /* SceneDelegate.swift */,
				AB7315172B5CDDAA004EE77D /* ViewController.swift */,
				AB7315192B5CDDAA004EE77D /* Main.storyboard */,
				AB73151C2B5CDDAC004EE77D /* Assets.xcassets */,
				AB73151E2B5CDDAC004EE77D /* LaunchScreen.storyboard */,
				AB7315212B5CDDAC004EE77D /* Info.plist */,
			);
			path = "I am Rich";
			sourceTree = "<group>";
		};
		AB7315292B5CDDAC004EE77D /* I am RichTests */ = {
			isa = PBXGroup;
			children = (
				AB73152A2B5CDDAC004EE77D /* I_am_RichTests.swift */,
			);
			path = "I am RichTests";
			sourceTree = "<group>";
		};
		AB7315332B5CDDAC004EE77D /* I am RichUITests */ = {
			isa = PBXGroup;
			children = (
				AB7315342B5CDDAC004EE77D /* I_am_RichUITests.swift */,
				AB7315362B5CDDAC004EE77D /* I_am_RichUITestsLaunchTests.swift */,
			);
			path = "I am RichUITests";
			sourceTree = "<group>";
		};
/* End PBXGroup section */

/* Begin PBXNativeTarget section */
		AB73150F2B5CDDAA004EE77D /* I am Rich */ = {
			isa = PBXNativeTarget;
			buildConfigurationList = AB73153A2B5CDDAC004EE77D /* Build configuration list for PBXNativeTarget "I am Rich" */;
			buildPhases = (
				AB73150C2B5CDDAA004EE77D /* Sources */,
				AB73150D2B5CDDAA004EE77D /* Frameworks */,
				AB73150E2B5CDDAA004EE77D /* Resources */,
			);
			buildRules = (
			);
			dependencies = (
			);
			name = "I am Rich";
			productName = "I am Rich";
			productReference = AB7315102B5CDDAA004EE77D /* I am Rich.app */;
			productType = "com.apple.product-type.application";
		};
		AB7315252B5CDDAC004EE77D /* I am RichTests */ = {
			isa = PBXNativeTarget;
			buildConfigurationList = AB73153D2B5CDDAC004EE77D /* Build configuration list for PBXNativeTarget "I am RichTests" */;
			buildPhases = (
				AB7315222B5CDDAC004EE77D /* Sources */,
				AB7315232B5CDDAC004EE77D /* Frameworks */,
				AB7315242B5CDDAC004EE77D /* Resources */,
			);
			buildRules = (
			);
			dependencies = (
				AB7315282B5CDDAC004EE77D /* PBXTargetDependency */,
			);
			name = "I am RichTests";
			productName = "I am RichTests";
			productReference = AB7315262B5CDDAC004EE77D /* I am RichTests.xctest */;
			productType = "com.apple.product-type.bundle.unit-test";
		};
		AB73152F2B5CDDAC004EE77D /* I am RichUITests */ = {
			isa = PBXNativeTarget;
			buildConfigurationList = AB7315402B5CDDAC004EE77D /* Build configuration list for PBXNativeTarget "I am RichUITests" */;
			buildPhases = (
				AB73152C2B5CDDAC004EE77D /* Sources */,
				AB73152D2B5CDDAC004EE77D /* Frameworks */,
				AB73152E2B5CDDAC004EE77D /* Resources */,
			);
			buildRules = (
			);
			dependencies = (
				AB7315322B5CDDAC004EE77D /* PBXTargetDependency */,
			);
			name = "I am RichUITests";
			productName = "I am RichUITests";
			productReference = AB7315302B5CDDAC004EE77D /* I am RichUITests.xctest */;
			productType = "com.apple.product-type.bundle.ui-testing";
		};
/* End PBXNativeTarget section */

/* Begin PBXProject section */
		AB7315082B5CDDAA004EE77D /* Project object */ = {
			isa = PBXProject;
			attributes = {
				BuildIndependentTargetsInParallel = 1;
				LastSwiftUpdateCheck = 1520;
				LastUpgradeCheck = 1520;
				TargetAttributes = {
					AB73150F2B5CDDAA004EE77D = {
						CreatedOnToolsVersion = 15.2;
					};
					AB7315252B5CDDAC004EE77D = {
						CreatedOnToolsVersion = 15.2;
						TestTargetID = AB73150F2B5CDDAA004EE77D;
					};
					AB73152F2B5CDDAC004EE77D = {
						CreatedOnToolsVersion = 15.2;
						TestTargetID = AB73150F2B5CDDAA004EE77D;
					};
				};
			};
			buildConfigurationList = AB73150B2B5CDDAA004EE77D /* Build configuration list for PBXProject "I am Rich" */;
			compatibilityVersion = "Xcode 14.0";
			developmentRegion = en;
			hasScannedForEncodings = 0;
			knownRegions = (
				en,
				Base,
			);
			mainGroup = AB7315072B5CDDAA004EE77D;
			productRefGroup = AB7315112B5CDDAA004EE77D /* Products */;
			projectDirPath = "";
			projectRoot = "";
			targets = (
				AB73150F2B5CDDAA004EE77D /* I am Rich */,
				AB7315252B5CDDAC004EE77D /* I am RichTests */,
				AB73152F2B5CDDAC004EE77D /* I am RichUITests */,
			);
		};
/* End PBXProject section */

/* Begin PBXResourcesBuildPhase section */
		AB73150E2B5CDDAA004EE77D /* Resources */ = {
			isa = PBXResourcesBuildPhase;
			buildActionMask = 2147483647;
			files = (
				AB7315202B5CDDAC004EE77D /* LaunchScreen.storyboard in Resources */,
				AB73151D2B5CDDAC004EE77D /* Assets.xcassets in Resources */,
				AB73151B2B5CDDAA004EE77D /* Main.storyboard in Resources */,
			);
			runOnlyForDeploymentPostprocessing = 0;
		};
		AB7315242B5CDDAC004EE77D /* Resources */ = {
			isa = PBXResourcesBuildPhase;
			buildActionMask = 2147483647;
			files = (
			);
			runOnlyForDeploymentPostprocessing = 0;
		};
		AB73152E2B5CDDAC004EE77D /* Resources */ = {
			isa = PBXResourcesBuildPhase;
			buildActionMask = 2147483647;
			files = (
			);
			runOnlyForDeploymentPostprocessing = 0;
		};
/* End PBXResourcesBuildPhase section */

/* Begin PBXSourcesBuildPhase section */
		AB73150C2B5CDDAA004EE77D /* Sources */ = {
			isa = PBXSourcesBuildPhase;
			buildActionMask = 2147483647;
			files = (
				AB7315182B5CDDAA004EE77D /* ViewController.swift in Sources */,
				AB7315142B5CDDAA004EE77D /* AppDelegate.swift in Sources */,
				AB7315162B5CDDAA004EE77D /* SceneDelegate.swift in Sources */,
			);
			runOnlyForDeploymentPostprocessing = 0;
		};
		AB7315222B5CDDAC004EE77D /* Sources */ = {
			isa = PBXSourcesBuildPhase;
			buildActionMask = 2147483647;
			files = (
				AB73152B2B5CDDAC004EE77D /* I_am_RichTests.swift in Sources */,
			);
			runOnlyForDeploymentPostprocessing = 0;
		};
		AB73152C2B5CDDAC004EE77D /* Sources */ = {
			isa = PBXSourcesBuildPhase;
			buildActionMask = 2147483647;
			files = (
				AB7315372B5CDDAC004EE77D /* I_am_RichUITestsLaunchTests.swift in Sources */,
				AB7315352B5CDDAC004EE77D /* I_am_RichUITests.swift in Sources */,
			);
			runOnlyForDeploymentPostprocessing = 0;
		};
/* End PBXSourcesBuildPhase section */

/* Begin PBXTargetDependency section */
		AB7315282B5CDDAC004EE77D /* PBXTargetDependency */ = {
			isa = PBXTargetDependency;
			target = AB73150F2B5CDDAA004EE77D /* I am Rich */;
			targetProxy = AB7315272B5CDDAC004EE77D /* PBXContainerItemProxy */;
		};
		AB7315322B5CDDAC004EE77D /* PBXTargetDependency */ = {
			isa = PBXTargetDependency;
			target = AB73150F2B5CDDAA004EE77D /* I am Rich */;
			targetProxy = AB7315312B5CDDAC004EE77D /* PBXContainerItemProxy */;
		};
/* End PBXTargetDependency section */

/* Begin PBXVariantGroup section */
		AB7315192B5CDDAA004EE77D /* Main.storyboard */ = {
			isa = PBXVariantGroup;
			children = (
				AB73151A2B5CDDAA004EE77D /* Base */,
			);
			name = Main.storyboard;
			sourceTree = "<group>";
		};
		AB73151E2B5CDDAC004EE77D /* LaunchScreen.storyboard */ = {
			isa = PBXVariantGroup;
			children = (
				AB73151F2B5CDDAC004EE77D /* Base */,
			);
			name = LaunchScreen.storyboard;
			sourceTree = "<group>";
		};
/* End PBXVariantGroup section */

/* Begin XCBuildConfiguration section */
		AB7315382B5CDDAC004EE77D /* Debug */ = {
			isa = XCBuildConfiguration;
			buildSettings = {
				ALWAYS_SEARCH_USER_PATHS = NO;
				ASSETCATALOG_COMPILER_GENERATE_SWIFT_ASSET_SYMBOL_EXTENSIONS = YES;
				CLANG_ANALYZER_NONNULL = YES;
				CLANG_ANALYZER_NUMBER_OBJECT_CONVERSION = YES_AGGRESSIVE;
				CLANG_CXX_LANGUAGE_STANDARD = "gnu++20";
				CLANG_ENABLE_MODULES = YES;
				CLANG_ENABLE_OBJC_ARC = YES;
				CLANG_ENABLE_OBJC_WEAK = YES;
				CLANG_WARN_BLOCK_CAPTURE_AUTORELEASING = YES;
				CLANG_WARN_BOOL_CONVERSION = YES;
				CLANG_WARN_COMMA = YES;
				CLANG_WARN_CONSTANT_CONVERSION = YES;
				CLANG_WARN_DEPRECATED_OBJC_IMPLEMENTATIONS = YES;
				CLANG_WARN_DIRECT_OBJC_ISA_USAGE = YES_ERROR;
				CLANG_WARN_DOCUMENTATION_COMMENTS = YES;
				CLANG_WARN_EMPTY_BODY = YES;
				CLANG_WARN_ENUM_CONVERSION = YES;
				CLANG_WARN_INFINITE_RECURSION = YES;
				CLANG_WARN_INT_CONVERSION = YES;
				CLANG_WARN_NON_LITERAL_NULL_CONVERSION = YES;
				CLANG_WARN_OBJC_IMPLICIT_RETAIN_SELF = YES;
				CLANG_WARN_OBJC_LITERAL_CONVERSION = YES;
				CLANG_WARN_OBJC_ROOT_CLASS = YES_ERROR;
				CLANG_WARN_QUOTED_INCLUDE_IN_FRAMEWORK_HEADER = YES;
				CLANG_WARN_RANGE_LOOP_ANALYSIS = YES;
				CLANG_WARN_STRICT_PROTOTYPES = YES;
				CLANG_WARN_SUSPICIOUS_MOVE = YES;
				CLANG_WARN_UNGUARDED_AVAILABILITY = YES_AGGRESSIVE;
				CLANG_WARN_UNREACHABLE_CODE = YES;
				CLANG_WARN__DUPLICATE_METHOD_MATCH = YES;
				COPY_PHASE_STRIP = NO;
				DEBUG_INFORMATION_FORMAT = dwarf;
				ENABLE_STRICT_OBJC_MSGSEND = YES;
				ENABLE_TESTABILITY = YES;
				ENABLE_USER_SCRIPT_SANDBOXING = YES;
				GCC_C_LANGUAGE_STANDARD = gnu17;
				GCC_DYNAMIC_NO_PIC = NO;
				GCC_NO_COMMON_BLOCKS = YES;
				GCC_OPTIMIZATION_LEVEL = 0;
				GCC_PREPROCESSOR_DEFINITIONS = (
					"DEBUG=1",
					"$(inherited)",
				);
				GCC_WARN_64_TO_32_BIT_CONVERSION = YES;
				GCC_WARN_ABOUT_RETURN_TYPE = YES_ERROR;
				GCC_WARN_UNDECLARED_SELECTOR = YES;
				GCC_WARN_UNINITIALIZED_AUTOS = YES_AGGRESSIVE;
				GCC_WARN_UNUSED_FUNCTION = YES;
				GCC_WARN_UNUSED_VARIABLE = YES;
				IPHONEOS_DEPLOYMENT_TARGET = 17.2;
				LOCALIZATION_PREFERS_STRING_CATALOGS = YES;
				MTL_ENABLE_DEBUG_INFO = INCLUDE_SOURCE;
				MTL_FAST_MATH = YES;
				ONLY_ACTIVE_ARCH = YES;
				SDKROOT = iphoneos;
				SWIFT_ACTIVE_COMPILATION_CONDITIONS = "DEBUG $(inherited)";
				SWIFT_OPTIMIZATION_LEVEL = "-Onone";
			};
			name = Debug;
		};
		AB7315392B5CDDAC004EE77D /* Release */ = {
			isa = XCBuildConfiguration;
			buildSettings = {
				ALWAYS_SEARCH_USER_PATHS = NO;
				ASSETCATALOG_COMPILER_GENERATE_SWIFT_ASSET_SYMBOL_EXTENSIONS = YES;
				CLANG_ANALYZER_NONNULL = YES;
				CLANG_ANALYZER_NUMBER_OBJECT_CONVERSION = YES_AGGRESSIVE;
				CLANG_CXX_LANGUAGE_STANDARD = "gnu++20";
				CLANG_ENABLE_MODULES = YES;
				CLANG_ENABLE_OBJC_ARC = YES;
				CLANG_ENABLE_OBJC_WEAK = YES;
				CLANG_WARN_BLOCK_CAPTURE_AUTORELEASING = YES;
				CLANG_WARN_BOOL_CONVERSION = YES;
				CLANG_WARN_COMMA = YES;
				CLANG_WARN_CONSTANT_CONVERSION = YES;
				CLANG_WARN_DEPRECATED_OBJC_IMPLEMENTATIONS = YES;
				CLANG_WARN_DIRECT_OBJC_ISA_USAGE = YES_ERROR;
				CLANG_WARN_DOCUMENTATION_COMMENTS = YES;
				CLANG_WARN_EMPTY_BODY = YES;
				CLANG_WARN_ENUM_CONVERSION = YES;
				CLANG_WARN_INFINITE_RECURSION = YES;
				CLANG_WARN_INT_CONVERSION = YES;
				CLANG_WARN_NON_LITERAL_NULL_CONVERSION = YES;
				CLANG_WARN_OBJC_IMPLICIT_RETAIN_SELF = YES;
				CLANG_WARN_OBJC_LITERAL_CONVERSION = YES;
				CLANG_WARN_OBJC_ROOT_CLASS = YES_ERROR;
				CLANG_WARN_QUOTED_INCLUDE_IN_FRAMEWORK_HEADER = YES;
				CLANG_WARN_RANGE_LOOP_ANALYSIS = YES;
				CLANG_WARN_STRICT_PROTOTYPES = YES;
				CLANG_WARN_SUSPICIOUS_MOVE = YES;
				CLANG_WARN_UNGUARDED_AVAILABILITY = YES_AGGRESSIVE;
				CLANG_WARN_UNREACHABLE_CODE = YES;
				CLANG_WARN__DUPLICATE_METHOD_MATCH = YES;
				COPY_PHASE_STRIP = NO;
				DEBUG_INFORMATION_FORMAT = "dwarf-with-dsym";
				ENABLE_NS_ASSERTIONS = NO;
				ENABLE_STRICT_OBJC_MSGSEND = YES;
				ENABLE_USER_SCRIPT_SANDBOXING = YES;
				GCC_C_LANGUAGE_STANDARD = gnu17;
				GCC_NO_COMMON_BLOCKS = YES;
				GCC_WARN_64_TO_32_BIT_CONVERSION = YES;
				GCC_WARN_ABOUT_RETURN_TYPE = YES_ERROR;
				GCC_WARN_UNDECLARED_SELECTOR = YES;
				GCC_WARN_UNINITIALIZED_AUTOS = YES_AGGRESSIVE;
				GCC_WARN_UNUSED_FUNCTION = YES;
				GCC_WARN_UNUSED_VARIABLE = YES;
				IPHONEOS_DEPLOYMENT_TARGET = 17.2;
				LOCALIZATION_PREFERS_STRING_CATALOGS = YES;
				MTL_ENABLE_DEBUG_INFO = NO;
				MTL_FAST_MATH = YES;
				SDKROOT = iphoneos;
				SWIFT_COMPILATION_MODE = wholemodule;
				VALIDATE_PRODUCT = YES;
			};
			name = Release;
		};
		AB73153B2B5CDDAC004EE77D /* Debug */ = {
			isa = XCBuildConfiguration;
			buildSettings = {
				ASSETCATALOG_COMPILER_APPICON_NAME = AppIcon;
				ASSETCATALOG_COMPILER_GLOBAL_ACCENT_COLOR_NAME = AccentColor;
				CODE_SIGN_STYLE = Automatic;
				CURRENT_PROJECT_VERSION = 1;
				DEVELOPMENT_TEAM = 946Q7J3995;
				GENERATE_INFOPLIST_FILE = YES;
				INFOPLIST_FILE = "I am Rich/Info.plist";
				INFOPLIST_KEY_UIApplicationSupportsIndirectInputEvents = YES;
				INFOPLIST_KEY_UILaunchStoryboardName = LaunchScreen;
				INFOPLIST_KEY_UIMainStoryboardFile = Main;
				INFOPLIST_KEY_UISupportedInterfaceOrientations_iPad = "UIInterfaceOrientationPortrait UIInterfaceOrientationPortraitUpsideDown UIInterfaceOrientationLandscapeLeft UIInterfaceOrientationLandscapeRight";
				INFOPLIST_KEY_UISupportedInterfaceOrientations_iPhone = "UIInterfaceOrientationPortrait UIInterfaceOrientationLandscapeLeft UIInterfaceOrientationLandscapeRight";
				LD_RUNPATH_SEARCH_PATHS = (
					"$(inherited)",
					"@executable_path/Frameworks",
				);
				MARKETING_VERSION = 1.0;
				PRODUCT_BUNDLE_IDENTIFIER = "com.ayaneshsarkar.I-am-Rich";
				PRODUCT_NAME = "$(TARGET_NAME)";
				SWIFT_EMIT_LOC_STRINGS = YES;
				SWIFT_VERSION = 5.0;
				TARGETED_DEVICE_FAMILY = "1,2";
			};
			name = Debug;
		};
		AB73153C2B5CDDAC004EE77D /* Release */ = {
			isa = XCBuildConfiguration;
			buildSettings = {
				ASSETCATALOG_COMPILER_APPICON_NAME = AppIcon;
				ASSETCATALOG_COMPILER_GLOBAL_ACCENT_COLOR_NAME = AccentColor;
				CODE_SIGN_STYLE = Automatic;
				CURRENT_PROJECT_VERSION = 1;
				DEVELOPMENT_TEAM = 946Q7J3995;
				GENERATE_INFOPLIST_FILE = YES;
				INFOPLIST_FILE = "I am Rich/Info.plist";
				INFOPLIST_KEY_UIApplicationSupportsIndirectInputEvents = YES;
				INFOPLIST_KEY_UILaunchStoryboardName = LaunchScreen;
				INFOPLIST_KEY_UIMainStoryboardFile = Main;
				INFOPLIST_KEY_UISupportedInterfaceOrientations_iPad = "UIInterfaceOrientationPortrait UIInterfaceOrientationPortraitUpsideDown UIInterfaceOrientationLandscapeLeft UIInterfaceOrientationLandscapeRight";
				INFOPLIST_KEY_UISupportedInterfaceOrientations_iPhone = "UIInterfaceOrientationPortrait UIInterfaceOrientationLandscapeLeft UIInterfaceOrientationLandscapeRight";
				LD_RUNPATH_SEARCH_PATHS = (
					"$(inherited)",
					"@executable_path/Frameworks",
				);
				MARKETING_VERSION = 1.0;
				PRODUCT_BUNDLE_IDENTIFIER = "com.ayaneshsarkar.I-am-Rich";
				PRODUCT_NAME = "$(TARGET_NAME)";
				SWIFT_EMIT_LOC_STRINGS = YES;
				SWIFT_VERSION = 5.0;
				TARGETED_DEVICE_FAMILY = "1,2";
			};
			name = Release;
		};
		AB73153E2B5CDDAC004EE77D /* Debug */ = {
			isa = XCBuildConfiguration;
			buildSettings = {
				ALWAYS_EMBED_SWIFT_STANDARD_LIBRARIES = YES;
				BUNDLE_LOADER = "$(TEST_HOST)";
				CODE_SIGN_STYLE = Automatic;
				CURRENT_PROJECT_VERSION = 1;
				GENERATE_INFOPLIST_FILE = YES;
				IPHONEOS_DEPLOYMENT_TARGET = 17.2;
				MARKETING_VERSION = 1.0;
				PRODUCT_BUNDLE_IDENTIFIER = "com.ayaneshsarkar.I-am-RichTests";
				PRODUCT_NAME = "$(TARGET_NAME)";
				SWIFT_EMIT_LOC_STRINGS = NO;
				SWIFT_VERSION = 5.0;
				TARGETED_DEVICE_FAMILY = "1,2";
				TEST_HOST = "$(BUILT_PRODUCTS_DIR)/I am Rich.app/$(BUNDLE_EXECUTABLE_FOLDER_PATH)/I am Rich";
			};
			name = Debug;
		};
		AB73153F2B5CDDAC004EE77D /* Release */ = {
			isa = XCBuildConfiguration;
			buildSettings = {
				ALWAYS_EMBED_SWIFT_STANDARD_LIBRARIES = YES;
				BUNDLE_LOADER = "$(TEST_HOST)";
				CODE_SIGN_STYLE = Automatic;
				CURRENT_PROJECT_VERSION = 1;
				GENERATE_INFOPLIST_FILE = YES;
				IPHONEOS_DEPLOYMENT_TARGET = 17.2;
				MARKETING_VERSION = 1.0;
				PRODUCT_BUNDLE_IDENTIFIER = "com.ayaneshsarkar.I-am-RichTests";
				PRODUCT_NAME = "$(TARGET_NAME)";
				SWIFT_EMIT_LOC_STRINGS = NO;
				SWIFT_VERSION = 5.0;
				TARGETED_DEVICE_FAMILY = "1,2";
				TEST_HOST = "$(BUILT_PRODUCTS_DIR)/I am Rich.app/$(BUNDLE_EXECUTABLE_FOLDER_PATH)/I am Rich";
			};
			name = Release;
		};
		AB7315412B5CDDAC004EE77D /* Debug */ = {
			isa = XCBuildConfiguration;
			buildSettings = {
				ALWAYS_EMBED_SWIFT_STANDARD_LIBRARIES = YES;
				CODE_SIGN_STYLE = Automatic;
				CURRENT_PROJECT_VERSION = 1;
				GENERATE_INFOPLIST_FILE = YES;
				MARKETING_VERSION = 1.0;
				PRODUCT_BUNDLE_IDENTIFIER = "com.ayaneshsarkar.I-am-RichUITests";
				PRODUCT_NAME = "$(TARGET_NAME)";
				SWIFT_EMIT_LOC_STRINGS = NO;
				SWIFT_VERSION = 5.0;
				TARGETED_DEVICE_FAMILY = "1,2";
				TEST_TARGET_NAME = "I am Rich";
			};
			name = Debug;
		};
		AB7315422B5CDDAC004EE77D /* Release */ = {
			isa = XCBuildConfiguration;
			buildSettings = {
				ALWAYS_EMBED_SWIFT_STANDARD_LIBRARIES = YES;
				CODE_SIGN_STYLE = Automatic;
				CURRENT_PROJECT_VERSION = 1;
				GENERATE_INFOPLIST_FILE = YES;
				MARKETING_VERSION = 1.0;
				PRODUCT_BUNDLE_IDENTIFIER = "com.ayaneshsarkar.I-am-RichUITests";
				PRODUCT_NAME = "$(TARGET_NAME)";
				SWIFT_EMIT_LOC_STRINGS = NO;
				SWIFT_VERSION = 5.0;
				TARGETED_DEVICE_FAMILY = "1,2";
				TEST_TARGET_NAME = "I am Rich";
			};
			name = Release;
		};
/* End XCBuildConfiguration section */

/* Begin XCConfigurationList section */
		AB73150B2B5CDDAA004EE77D /* Build configuration list for PBXProject "I am Rich" */ = {
			isa = XCConfigurationList;
			buildConfigurations = (
				AB7315382B5CDDAC004EE77D /* Debug */,
				AB7315392B5CDDAC004EE77D /* Release */,
			);
			defaultConfigurationIsVisible = 0;
			defaultConfigurationName = Release;
		};
		AB73153A2B5CDDAC004EE77D /* Build configuration list for PBXNativeTarget "I am Rich" */ = {
			isa = XCConfigurationList;
			buildConfigurations = (
				AB73153B2B5CDDAC004EE77D /* Debug */,
				AB73153C2B5CDDAC004EE77D /* Release */,
			);
			defaultConfigurationIsVisible = 0;
			defaultConfigurationName = Release;
		};
		AB73153D2B5CDDAC004EE77D /* Build configuration list for PBXNativeTarget "I am RichTests" */ = {
			isa = XCConfigurationList;
			buildConfigurations = (
				AB73153E2B5CDDAC004EE77D /* Debug */,
				AB73153F2B5CDDAC004EE77D /* Release */,
			);
			defaultConfigurationIsVisible = 0;
			defaultConfigurationName = Release;
		};
		AB7315402B5CDDAC004EE77D /* Build configuration list for PBXNativeTarget "I am RichUITests" */ = {
			isa = XCConfigurationList;
			buildConfigurations = (
				AB7315412B5CDDAC004EE77D /* Debug */,
				AB7315422B5CDDAC004EE77D /* Release */,
			);
			defaultConfigurationIsVisible = 0;
			defaultConfigurationName = Release;
		};
/* End XCConfigurationList section */
	};
	rootObject = AB7315082B5CDDAA004EE77D /* Project object */;
}
